
Microsoft Visual Studio Solution File, Format Version 12.00
# Visual Studio Version 16
VisualStudioVersion = 16.6.30114.105
MinimumVisualStudioVersion = 10.0.40219.1
Project("{FAE04EC0-301F-11D3-BF4B-00C04F79EFBC}") = "SocketCANSharp", "src\SocketCANSharp\SocketCANSharp.csproj", "{6E51ACBE-F869-482A-85E8-B09AED501C78}"
EndProject
Project("{FAE04EC0-301F-11D3-BF4B-00C04F79EFBC}") = "SocketCANSharpTest", "test\SocketCANSharpTest\SocketCANSharpTest.csproj", "{352B79E9-AEAE-415F-B8F6-4B6FDD0AEE51}"
EndProject
Project("{FAE04EC0-301F-11D3-BF4B-00C04F79EFBC}") = "CanBusSniffer", "examples\CanBusSniffer\CanBusSniffer.csproj", "{D156D5B9-6DFF-4E89-875F-02D65011B176}"
EndProject
Project("{FAE04EC0-301F-11D3-BF4B-00C04F79EFBC}") = "IsoTpCommSimulator", "examples\IsoTpCommSimulator\IsoTpCommSimulator.csproj", "{052211B1-4F23-45E9-8978-DB0CB360EC93}"
EndProject
Project("{FAE04EC0-301F-11D3-BF4B-00C04F79EFBC}") = "ObjectOrientedDiagAppSimulator", "examples\ObjectOrientedDiagAppSimulator\ObjectOrientedDiagAppSimulator.csproj", "{B3212B61-1B39-4EB1-8BD0-C54049F44BBC}"
EndProject
Project("{FAE04EC0-301F-11D3-BF4B-00C04F79EFBC}") = "J1939EngineSpeedTransmit", "examples\J1939EngineSpeedTransmit\J1939EngineSpeedTransmit.csproj", "{F55AD00A-13BB-4CD8-B17F-105192105518}"
EndProject
Project("{FAE04EC0-301F-11D3-BF4B-00C04F79EFBC}") = "CanNetlinkReader", "examples\CanNetlinkReader\CanNetlinkReader.csproj", "{B0B932EA-556A-4669-9B1D-24AD47427DF9}"
EndProject
Project("{FAE04EC0-301F-11D3-BF4B-00C04F79EFBC}") = "J1939Sniffer", "examples\J1939Sniffer\J1939Sniffer.csproj", "{45143CDF-5504-4C74-98B4-74709F83F09E}"
EndProject
Global
	GlobalSection(SolutionConfigurationPlatforms) = preSolution
		Debug|Any CPU = Debug|Any CPU
		Debug|x64 = Debug|x64
		Debug|x86 = Debug|x86
		Release|Any CPU = Release|Any CPU
		Release|x64 = Release|x64
		Release|x86 = Release|x86
	EndGlobalSection
	GlobalSection(SolutionProperties) = preSolution
		HideSolutionNode = FALSE
	EndGlobalSection
	GlobalSection(ProjectConfigurationPlatforms) = postSolution
		{6E51ACBE-F869-482A-85E8-B09AED501C78}.Debug|Any CPU.ActiveCfg = Debug|Any CPU
		{6E51ACBE-F869-482A-85E8-B09AED501C78}.Debug|Any CPU.Build.0 = Debug|Any CPU
		{6E51ACBE-F869-482A-85E8-B09AED501C78}.Debug|x64.ActiveCfg = Debug|Any CPU
		{6E51ACBE-F869-482A-85E8-B09AED501C78}.Debug|x64.Build.0 = Debug|Any CPU
		{6E51ACBE-F869-482A-85E8-B09AED501C78}.Debug|x86.ActiveCfg = Debug|Any CPU
		{6E51ACBE-F869-482A-85E8-B09AED501C78}.Debug|x86.Build.0 = Debug|Any CPU
		{6E51ACBE-F869-482A-85E8-B09AED501C78}.Release|Any CPU.ActiveCfg = Release|Any CPU
		{6E51ACBE-F869-482A-85E8-B09AED501C78}.Release|Any CPU.Build.0 = Release|Any CPU
		{6E51ACBE-F869-482A-85E8-B09AED501C78}.Release|x64.ActiveCfg = Release|Any CPU
		{6E51ACBE-F869-482A-85E8-B09AED501C78}.Release|x64.Build.0 = Release|Any CPU
		{6E51ACBE-F869-482A-85E8-B09AED501C78}.Release|x86.ActiveCfg = Release|Any CPU
		{6E51ACBE-F869-482A-85E8-B09AED501C78}.Release|x86.Build.0 = Release|Any CPU
		{352B79E9-AEAE-415F-B8F6-4B6FDD0AEE51}.Debug|Any CPU.ActiveCfg = Debug|Any CPU
		{352B79E9-AEAE-415F-B8F6-4B6FDD0AEE51}.Debug|Any CPU.Build.0 = Debug|Any CPU
		{352B79E9-AEAE-415F-B8F6-4B6FDD0AEE51}.Debug|x64.ActiveCfg = Debug|Any CPU
		{352B79E9-AEAE-415F-B8F6-4B6FDD0AEE51}.Debug|x64.Build.0 = Debug|Any CPU
		{352B79E9-AEAE-415F-B8F6-4B6FDD0AEE51}.Debug|x86.ActiveCfg = Debug|Any CPU
		{352B79E9-AEAE-415F-B8F6-4B6FDD0AEE51}.Debug|x86.Build.0 = Debug|Any CPU
		{352B79E9-AEAE-415F-B8F6-4B6FDD0AEE51}.Release|Any CPU.ActiveCfg = Release|Any CPU
		{352B79E9-AEAE-415F-B8F6-4B6FDD0AEE51}.Release|Any CPU.Build.0 = Release|Any CPU
		{352B79E9-AEAE-415F-B8F6-4B6FDD0AEE51}.Release|x64.ActiveCfg = Release|Any CPU
		{352B79E9-AEAE-415F-B8F6-4B6FDD0AEE51}.Release|x64.Build.0 = Release|Any CPU
		{352B79E9-AEAE-415F-B8F6-4B6FDD0AEE51}.Release|x86.ActiveCfg = Release|Any CPU
		{352B79E9-AEAE-415F-B8F6-4B6FDD0AEE51}.Release|x86.Build.0 = Release|Any CPU
		{D156D5B9-6DFF-4E89-875F-02D65011B176}.Debug|Any CPU.ActiveCfg = Debug|Any CPU
		{D156D5B9-6DFF-4E89-875F-02D65011B176}.Debug|Any CPU.Build.0 = Debug|Any CPU
		{D156D5B9-6DFF-4E89-875F-02D65011B176}.Debug|x64.ActiveCfg = Debug|Any CPU
		{D156D5B9-6DFF-4E89-875F-02D65011B176}.Debug|x64.Build.0 = Debug|Any CPU
		{D156D5B9-6DFF-4E89-875F-02D65011B176}.Debug|x86.ActiveCfg = Debug|Any CPU
		{D156D5B9-6DFF-4E89-875F-02D65011B176}.Debug|x86.Build.0 = Debug|Any CPU
		{D156D5B9-6DFF-4E89-875F-02D65011B176}.Release|Any CPU.ActiveCfg = Release|Any CPU
		{D156D5B9-6DFF-4E89-875F-02D65011B176}.Release|Any CPU.Build.0 = Release|Any CPU
		{D156D5B9-6DFF-4E89-875F-02D65011B176}.Release|x64.ActiveCfg = Release|Any CPU
		{D156D5B9-6DFF-4E89-875F-02D65011B176}.Release|x64.Build.0 = Release|Any CPU
		{D156D5B9-6DFF-4E89-875F-02D65011B176}.Release|x86.ActiveCfg = Release|Any CPU
		{D156D5B9-6DFF-4E89-875F-02D65011B176}.Release|x86.Build.0 = Release|Any CPU
		{052211B1-4F23-45E9-8978-DB0CB360EC93}.Debug|Any CPU.ActiveCfg = Debug|Any CPU
		{052211B1-4F23-45E9-8978-DB0CB360EC93}.Debug|Any CPU.Build.0 = Debug|Any CPU
		{052211B1-4F23-45E9-8978-DB0CB360EC93}.Debug|x64.ActiveCfg = Debug|Any CPU
		{052211B1-4F23-45E9-8978-DB0CB360EC93}.Debug|x64.Build.0 = Debug|Any CPU
		{052211B1-4F23-45E9-8978-DB0CB360EC93}.Debug|x86.ActiveCfg = Debug|Any CPU
		{052211B1-4F23-45E9-8978-DB0CB360EC93}.Debug|x86.Build.0 = Debug|Any CPU
		{052211B1-4F23-45E9-8978-DB0CB360EC93}.Release|Any CPU.ActiveCfg = Release|Any CPU
		{052211B1-4F23-45E9-8978-DB0CB360EC93}.Release|Any CPU.Build.0 = Release|Any CPU
		{052211B1-4F23-45E9-8978-DB0CB360EC93}.Release|x64.ActiveCfg = Release|Any CPU
		{052211B1-4F23-45E9-8978-DB0CB360EC93}.Release|x64.Build.0 = Release|Any CPU
		{052211B1-4F23-45E9-8978-DB0CB360EC93}.Release|x86.ActiveCfg = Release|Any CPU
		{052211B1-4F23-45E9-8978-DB0CB360EC93}.Release|x86.Build.0 = Release|Any CPU
		{B3212B61-1B39-4EB1-8BD0-C54049F44BBC}.Debug|Any CPU.ActiveCfg = Debug|Any CPU
		{B3212B61-1B39-4EB1-8BD0-C54049F44BBC}.Debug|Any CPU.Build.0 = Debug|Any CPU
		{B3212B61-1B39-4EB1-8BD0-C54049F44BBC}.Debug|x64.ActiveCfg = Debug|Any CPU
		{B3212B61-1B39-4EB1-8BD0-C54049F44BBC}.Debug|x64.Build.0 = Debug|Any CPU
		{B3212B61-1B39-4EB1-8BD0-C54049F44BBC}.Debug|x86.ActiveCfg = Debug|Any CPU
		{B3212B61-1B39-4EB1-8BD0-C54049F44BBC}.Debug|x86.Build.0 = Debug|Any CPU
		{B3212B61-1B39-4EB1-8BD0-C54049F44BBC}.Release|Any CPU.ActiveCfg = Release|Any CPU
		{B3212B61-1B39-4EB1-8BD0-C54049F44BBC}.Release|Any CPU.Build.0 = Release|Any CPU
		{B3212B61-1B39-4EB1-8BD0-C54049F44BBC}.Release|x64.ActiveCfg = Release|Any CPU
		{B3212B61-1B39-4EB1-8BD0-C54049F44BBC}.Release|x64.Build.0 = Release|Any CPU
		{B3212B61-1B39-4EB1-8BD0-C54049F44BBC}.Release|x86.ActiveCfg = Release|Any CPU
		{B3212B61-1B39-4EB1-8BD0-C54049F44BBC}.Release|x86.Build.0 = Release|Any CPU
		{F55AD00A-13BB-4CD8-B17F-105192105518}.Debug|Any CPU.ActiveCfg = Debug|Any CPU
		{F55AD00A-13BB-4CD8-B17F-105192105518}.Debug|Any CPU.Build.0 = Debug|Any CPU
		{F55AD00A-13BB-4CD8-B17F-105192105518}.Debug|x64.ActiveCfg = Debug|Any CPU
		{F55AD00A-13BB-4CD8-B17F-105192105518}.Debug|x64.Build.0 = Debug|Any CPU
		{F55AD00A-13BB-4CD8-B17F-105192105518}.Debug|x86.ActiveCfg = Debug|Any CPU
		{F55AD00A-13BB-4CD8-B17F-105192105518}.Debug|x86.Build.0 = Debug|Any CPU
		{F55AD00A-13BB-4CD8-B17F-105192105518}.Release|Any CPU.ActiveCfg = Release|Any CPU
		{F55AD00A-13BB-4CD8-B17F-105192105518}.Release|Any CPU.Build.0 = Release|Any CPU
		{F55AD00A-13BB-4CD8-B17F-105192105518}.Release|x64.ActiveCfg = Release|Any CPU
		{F55AD00A-13BB-4CD8-B17F-105192105518}.Release|x64.Build.0 = Release|Any CPU
		{F55AD00A-13BB-4CD8-B17F-105192105518}.Release|x86.ActiveCfg = Release|Any CPU
		{F55AD00A-13BB-4CD8-B17F-105192105518}.Release|x86.Build.0 = Release|Any CPU
		{B0B932EA-556A-4669-9B1D-24AD47427DF9}.Debug|Any CPU.ActiveCfg = Debug|Any CPU
		{B0B932EA-556A-4669-9B1D-24AD47427DF9}.Debug|Any CPU.Build.0 = Debug|Any CPU
		{B0B932EA-556A-4669-9B1D-24AD47427DF9}.Debug|x64.ActiveCfg = Debug|Any CPU
		{B0B932EA-556A-4669-9B1D-24AD47427DF9}.Debug|x64.Build.0 = Debug|Any CPU
		{B0B932EA-556A-4669-9B1D-24AD47427DF9}.Debug|x86.ActiveCfg = Debug|Any CPU
		{B0B932EA-556A-4669-9B1D-24AD47427DF9}.Debug|x86.Build.0 = Debug|Any CPU
		{B0B932EA-556A-4669-9B1D-24AD47427DF9}.Release|Any CPU.ActiveCfg = Release|Any CPU
		{B0B932EA-556A-4669-9B1D-24AD47427DF9}.Release|Any CPU.Build.0 = Release|Any CPU
		{B0B932EA-556A-4669-9B1D-24AD47427DF9}.Release|x64.ActiveCfg = Release|Any CPU
		{B0B932EA-556A-4669-9B1D-24AD47427DF9}.Release|x64.Build.0 = Release|Any CPU
		{B0B932EA-556A-4669-9B1D-24AD47427DF9}.Release|x86.ActiveCfg = Release|Any CPU
		{B0B932EA-556A-4669-9B1D-24AD47427DF9}.Release|x86.Build.0 = Release|Any CPU
		{45143CDF-5504-4C74-98B4-74709F83F09E}.Debug|Any CPU.ActiveCfg = Debug|Any CPU
		{45143CDF-5504-4C74-98B4-74709F83F09E}.Debug|Any CPU.Build.0 = Debug|Any CPU
		{45143CDF-5504-4C74-98B4-74709F83F09E}.Debug|x64.ActiveCfg = Debug|Any CPU
		{45143CDF-5504-4C74-98B4-74709F83F09E}.Debug|x64.Build.0 = Debug|Any CPU
		{45143CDF-5504-4C74-98B4-74709F83F09E}.Debug|x86.ActiveCfg = Debug|Any CPU
		{45143CDF-5504-4C74-98B4-74709F83F09E}.Debug|x86.Build.0 = Debug|Any CPU
		{45143CDF-5504-4C74-98B4-74709F83F09E}.Release|Any CPU.ActiveCfg = Release|Any CPU
		{45143CDF-5504-4C74-98B4-74709F83F09E}.Release|Any CPU.Build.0 = Release|Any CPU
		{45143CDF-5504-4C74-98B4-74709F83F09E}.Release|x64.ActiveCfg = Release|Any CPU
		{45143CDF-5504-4C74-98B4-74709F83F09E}.Release|x64.Build.0 = Release|Any CPU
		{45143CDF-5504-4C74-98B4-74709F83F09E}.Release|x86.ActiveCfg = Release|Any CPU
		{45143CDF-5504-4C74-98B4-74709F83F09E}.Release|x86.Build.0 = Release|Any CPU
	EndGlobalSection
EndGlobal
